
Microsoft Visual Studio Solution File, Format Version 12.00
# Visual Studio Version 17
VisualStudioVersion = 17.0.31612.314
MinimumVisualStudioVersion = 10.0.40219.1
Project("{9A19103F-16F7-4668-BE54-9A1E7A4F7556}") = "Container.Core", "Container.Core.csproj", "{046008BB-C9B1-4444-AECD-241155D4C12C}"
EndProject
Global
	GlobalSection(SolutionConfigurationPlatforms) = preSolution
		Debug|Any CPU = Debug|Any CPU
		Release|Any CPU = Release|Any CPU
	EndGlobalSection
	GlobalSection(ProjectConfigurationPlatforms) = postSolution
		{046008BB-C9B1-4444-AECD-241155D4C12C}.Debug|Any CPU.ActiveCfg = Debug|Any CPU
		{046008BB-C9B1-4444-AECD-241155D4C12C}.Debug|Any CPU.Build.0 = Debug|Any CPU
		{046008BB-C9B1-4444-AECD-241155D4C12C}.Release|Any CPU.ActiveCfg = Release|Any CPU
		{046008BB-C9B1-4444-AECD-241155D4C12C}.Release|Any CPU.Build.0 = Release|Any CPU
	EndGlobalSection
	GlobalSection(SolutionProperties) = preSolution
		HideSolutionNode = FALSE
	EndGlobalSection
	GlobalSection(ExtensibilityGlobals) = postSolution
		SolutionGuid = {5986F0FE-9436-4484-AA5E-CB0616B6C819}
	EndGlobalSection
EndGlobal
